
Microsoft Visual Studio Solution File, Format Version 12.00
# Visual Studio Version 16
VisualStudioVersion = 16.0.29806.167
MinimumVisualStudioVersion = 10.0.40219.1
Project("{FAE04EC0-301F-11D3-BF4B-00C04F79EFBC}") = "ReadVaccinePassportEU", "ReadVaccinePassportEU\ReadVaccinePassportEU.csproj", "{6133DAAE-8A51-437B-AEA3-7FE7FEFB8A0D}"
EndProject
Global
	GlobalSection(SolutionConfigurationPlatforms) = preSolution
		Debug|Any CPU = Debug|Any CPU
		Release|Any CPU = Release|Any CPU
	EndGlobalSection
	GlobalSection(ProjectConfigurationPlatforms) = postSolution
		{6133DAAE-8A51-437B-AEA3-7FE7FEFB8A0D}.Debug|Any CPU.ActiveCfg = Debug|Any CPU
		{6133DAAE-8A51-437B-AEA3-7FE7FEFB8A0D}.Debug|Any CPU.Build.0 = Debug|Any CPU
		{6133DAAE-8A51-437B-AEA3-7FE7FEFB8A0D}.Release|Any CPU.ActiveCfg = Release|Any CPU
		{6133DAAE-8A51-437B-AEA3-7FE7FEFB8A0D}.Release|Any CPU.Build.0 = Release|Any CPU
	EndGlobalSection
	GlobalSection(SolutionProperties) = preSolution
		HideSolutionNode = FALSE
	EndGlobalSection
	GlobalSection(ExtensibilityGlobals) = postSolution
		SolutionGuid = {1D068E93-FF1A-4B99-9A7D-97E2EDC378CA}
	EndGlobalSection
EndGlobal
